
Microsoft Visual Studio Solution File, Format Version 12.00
# Visual Studio 15
VisualStudioVersion = 15.0.28307.136
MinimumVisualStudioVersion = 10.0.40219.1
Project("{9092AA53-FB77-4645-B42D-1CCCA6BD08BD}") = "js_book", "js_book\js_book.njsproj", "{B1206335-55FF-4BB2-AF98-9F0797D9B6BA}"
EndProject
Global
	GlobalSection(SolutionConfigurationPlatforms) = preSolution
		Debug|Any CPU = Debug|Any CPU
		Release|Any CPU = Release|Any CPU
	EndGlobalSection
	GlobalSection(ProjectConfigurationPlatforms) = postSolution
		{B1206335-55FF-4BB2-AF98-9F0797D9B6BA}.Debug|Any CPU.ActiveCfg = Debug|Any CPU
		{B1206335-55FF-4BB2-AF98-9F0797D9B6BA}.Debug|Any CPU.Build.0 = Debug|Any CPU
		{B1206335-55FF-4BB2-AF98-9F0797D9B6BA}.Release|Any CPU.ActiveCfg = Release|Any CPU
		{B1206335-55FF-4BB2-AF98-9F0797D9B6BA}.Release|Any CPU.Build.0 = Release|Any CPU
	EndGlobalSection
	GlobalSection(SolutionProperties) = preSolution
		HideSolutionNode = FALSE
	EndGlobalSection
	GlobalSection(ExtensibilityGlobals) = postSolution
		SolutionGuid = {FCAF5670-A0F7-4661-A3A0-9563D3AE9665}
	EndGlobalSection
EndGlobal
